
Microsoft Visual Studio Solution File, Format Version 12.00
# Visual Studio 15
VisualStudioVersion = 15.0.27130.2036
MinimumVisualStudioVersion = 10.0.40219.1
Project("{FAE04EC0-301F-11D3-BF4B-00C04F79EFBC}") = "SortingLib", "SortingLib\SortingLib.csproj", "{A0173689-A76B-4440-9CB1-432FB8854FC3}"
EndProject
Project("{FAE04EC0-301F-11D3-BF4B-00C04F79EFBC}") = "SortingLib.Tests", "SortingLib.Tests\SortingLib.Tests.csproj", "{A641C6DC-FC60-4BC3-9DCD-83D8576D042B}"
EndProject
Global
	GlobalSection(SolutionConfigurationPlatforms) = preSolution
		Debug|Any CPU = Debug|Any CPU
		Release|Any CPU = Release|Any CPU
	EndGlobalSection
	GlobalSection(ProjectConfigurationPlatforms) = postSolution
		{A0173689-A76B-4440-9CB1-432FB8854FC3}.Debug|Any CPU.ActiveCfg = Debug|Any CPU
		{A0173689-A76B-4440-9CB1-432FB8854FC3}.Debug|Any CPU.Build.0 = Debug|Any CPU
		{A0173689-A76B-4440-9CB1-432FB8854FC3}.Release|Any CPU.ActiveCfg = Release|Any CPU
		{A0173689-A76B-4440-9CB1-432FB8854FC3}.Release|Any CPU.Build.0 = Release|Any CPU
		{A641C6DC-FC60-4BC3-9DCD-83D8576D042B}.Debug|Any CPU.ActiveCfg = Debug|Any CPU
		{A641C6DC-FC60-4BC3-9DCD-83D8576D042B}.Debug|Any CPU.Build.0 = Debug|Any CPU
		{A641C6DC-FC60-4BC3-9DCD-83D8576D042B}.Release|Any CPU.ActiveCfg = Release|Any CPU
		{A641C6DC-FC60-4BC3-9DCD-83D8576D042B}.Release|Any CPU.Build.0 = Release|Any CPU
	EndGlobalSection
	GlobalSection(SolutionProperties) = preSolution
		HideSolutionNode = FALSE
	EndGlobalSection
	GlobalSection(ExtensibilityGlobals) = postSolution
		SolutionGuid = {251188CA-B5D5-452D-A624-78EA9B5B83DF}
	EndGlobalSection
EndGlobal
